<Solution Description="Visual Studio slnx file generated by Premake" Version="1.4">
  <Configurations>
    <Platform Name="ARM64" />
    <Platform Name="Win32" />
    <Platform Name="x64" />
  </Configurations>
  <Project Path="cellauto.vcxproj" Id="5E41A93B-4A0E-0447-7327-F2EE5F5339D5" DefaultStartup="true">
    <BuildDependency Project="raylib.vcxproj" />
  </Project>
  <Project Path="raylib.vcxproj" Id="8898EA18-743A-15EF-5DF5-284349369C3F">
  </Project>
</Solution>